// !$*UTF8*$!
{
	archiveVersion = 1;
	classes = {
	};
	objectVersion = 77;
	objects = {

/* Begin PBXBuildFile section */
		BBBB0014BBBB0014BBBB0014 /* ManageBacWatchWidgets.appex in Embed App Extensions */ = {isa = PBXBuildFile; fileRef = BBBB0001BBBB0001BBBB0001 /* ManageBacWatchWidgets.appex */; settings = {ATTRIBUTES = (RemoveHeadersOnCopy, ); }; };
/* End PBXBuildFile section */

/* Begin PBXContainerItemProxy section */
		BBBB0011BBBB0011BBBB0011 /* PBXContainerItemProxy */ = {
			isa = PBXContainerItemProxy;
			containerPortal = AAAA0010AAAA0010AAAA0010 /* Project object */;
			proxyType = 1;
			remoteGlobalIDString = BBBB0007BBBB0007BBBB0007;
			remoteInfo = ManageBacWatchWidgets;
		};
/* End PBXContainerItemProxy section */

/* Begin PBXCopyFilesBuildPhase section */
		BBBB0013BBBB0013BBBB0013 /* Embed App Extensions */ = {
			isa = PBXCopyFilesBuildPhase;
			buildActionMask = 2147483647;
			dstPath = "";
			dstSubfolderSpec = 13;
			files = (
				BBBB0014BBBB0014BBBB0014 /* ManageBacWatchWidgets.appex in Embed App Extensions */,
			);
			name = "Embed App Extensions";
			runOnlyForDeploymentPostprocessing = 0;
		};
/* End PBXCopyFilesBuildPhase section */

/* Begin PBXFileReference section */
		AAAA0001AAAA0001AAAA0001 /* ManageBacWatch.app */ = {isa = PBXFileReference; explicitFileType = wrapper.application; includeInIndex = 0; path = ManageBacWatch.app; sourceTree = BUILT_PRODUCTS_DIR; };
		BBBB0001BBBB0001BBBB0001 /* ManageBacWatchWidgets.appex */ = {isa = PBXFileReference; explicitFileType = "wrapper.app-extension"; includeInIndex = 0; path = ManageBacWatchWidgets.appex; sourceTree = BUILT_PRODUCTS_DIR; };
/* End PBXFileReference section */

/* Begin PBXFileSystemSynchronizedBuildFileExceptionSet section */
		AAAA0016AAAA0016AAAA0016 /* Exceptions for "ManageBacWatch" folder in "ManageBacWatch" target */ = {
			isa = PBXFileSystemSynchronizedBuildFileExceptionSet;
			membershipExceptions = (
				Info.plist,
			);
			target = AAAA0006AAAA0006AAAA0006 /* ManageBacWatch */;
		};
		BBBB0003BBBB0003BBBB0003 /* Exceptions for "ManageBacWatchWidgets" folder in "ManageBacWatchWidgets" target */ = {
			isa = PBXFileSystemSynchronizedBuildFileExceptionSet;
			membershipExceptions = (
				Info.plist,
			);
			target = BBBB0007BBBB0007BBBB0007 /* ManageBacWatchWidgets */;
		};
/* End PBXFileSystemSynchronizedBuildFileExceptionSet section */

/* Begin PBXFileSystemSynchronizedRootGroup section */
		AAAA0002AAAA0002AAAA0002 /* ManageBacWatch */ = {
			isa = PBXFileSystemSynchronizedRootGroup;
			exceptions = (
				AAAA0016AAAA0016AAAA0016 /* Exceptions for "ManageBacWatch" folder in "ManageBacWatch" target */,
			);
			path = ManageBacWatch;
			sourceTree = "<group>";
		};
		BBBB0002BBBB0002BBBB0002 /* ManageBacWatchWidgets */ = {
			isa = PBXFileSystemSynchronizedRootGroup;
			exceptions = (
				BBBB0003BBBB0003BBBB0003 /* Exceptions for "ManageBacWatchWidgets" folder in "ManageBacWatchWidgets" target */,
			);
			path = ManageBacWatchWidgets;
			sourceTree = "<group>";
		};
/* End PBXFileSystemSynchronizedRootGroup section */

/* Begin PBXFrameworksBuildPhase section */
		AAAA0003AAAA0003AAAA0003 /* Frameworks */ = {
			isa = PBXFrameworksBuildPhase;
			buildActionMask = 2147483647;
			files = (
			);
			runOnlyForDeploymentPostprocessing = 0;
		};
		BBBB0004BBBB0004BBBB0004 /* Frameworks */ = {
			isa = PBXFrameworksBuildPhase;
			buildActionMask = 2147483647;
			files = (
			);
			runOnlyForDeploymentPostprocessing = 0;
		};
/* End PBXFrameworksBuildPhase section */

/* Begin PBXGroup section */
		AAAA0004AAAA0004AAAA0004 = {
			isa = PBXGroup;
			children = (
				AAAA0002AAAA0002AAAA0002 /* ManageBacWatch */,
				BBBB0002BBBB0002BBBB0002 /* ManageBacWatchWidgets */,
				AAAA0005AAAA0005AAAA0005 /* Products */,
			);
			sourceTree = "<group>";
		};
		AAAA0005AAAA0005AAAA0005 /* Products */ = {
			isa = PBXGroup;
			children = (
				AAAA0001AAAA0001AAAA0001 /* ManageBacWatch.app */,
				BBBB0001BBBB0001BBBB0001 /* ManageBacWatchWidgets.appex */,
			);
			name = Products;
			sourceTree = "<group>";
		};
/* End PBXGroup section */

/* Begin PBXNativeTarget section */
		AAAA0006AAAA0006AAAA0006 /* ManageBacWatch */ = {
			isa = PBXNativeTarget;
			buildConfigurationList = AAAA0007AAAA0007AAAA0007 /* Build configuration list for PBXNativeTarget "ManageBacWatch" */;
			buildPhases = (
				AAAA0008AAAA0008AAAA0008 /* Sources */,
				AAAA0003AAAA0003AAAA0003 /* Frameworks */,
				AAAA0009AAAA0009AAAA0009 /* Resources */,
				BBBB0013BBBB0013BBBB0013 /* Embed App Extensions */,
			);
			buildRules = (
			);
			dependencies = (
				BBBB0012BBBB0012BBBB0012 /* PBXTargetDependency */,
			);
			fileSystemSynchronizedGroups = (
				AAAA0002AAAA0002AAAA0002 /* ManageBacWatch */,
			);
			name = ManageBacWatch;
			productName = ManageBacWatch;
			productReference = AAAA0001AAAA0001AAAA0001 /* ManageBacWatch.app */;
			productType = "com.apple.product-type.application";
		};
		BBBB0007BBBB0007BBBB0007 /* ManageBacWatchWidgets */ = {
			isa = PBXNativeTarget;
			buildConfigurationList = BBBB0008BBBB0008BBBB0008 /* Build configuration list for PBXNativeTarget "ManageBacWatchWidgets" */;
			buildPhases = (
				BBBB0005BBBB0005BBBB0005 /* Sources */,
				BBBB0004BBBB0004BBBB0004 /* Frameworks */,
				BBBB0006BBBB0006BBBB0006 /* Resources */,
			);
			buildRules = (
			);
			dependencies = (
			);
			fileSystemSynchronizedGroups = (
				BBBB0002BBBB0002BBBB0002 /* ManageBacWatchWidgets */,
			);
			name = ManageBacWatchWidgets;
			productName = ManageBacWatchWidgets;
			productReference = BBBB0001BBBB0001BBBB0001 /* ManageBacWatchWidgets.appex */;
			productType = "com.apple.product-type.app-extension";
		};
/* End PBXNativeTarget section */

/* Begin PBXProject section */
		AAAA0010AAAA0010AAAA0010 /* Project object */ = {
			isa = PBXProject;
			attributes = {
				BuildIndependentTargetsInParallel = 1;
				LastSwiftUpdateCheck = 2660;
				LastUpgradeCheck = 2660;
				TargetAttributes = {
					AAAA0006AAAA0006AAAA0006 = {
						CreatedOnToolsVersion = 26.6;
					};
					BBBB0007BBBB0007BBBB0007 = {
						CreatedOnToolsVersion = 26.6;
					};
				};
			};
			buildConfigurationList = AAAA0011AAAA0011AAAA0011 /* Build configuration list for PBXProject "ManageBacWatch" */;
			developmentRegion = en;
			hasScannedForEncodings = 0;
			knownRegions = (
				en,
				Base,
			);
			mainGroup = AAAA0004AAAA0004AAAA0004;
			minimizedProjectReferenceProxies = 1;
			productRefGroup = AAAA0005AAAA0005AAAA0005 /* Products */;
			projectDirPath = "";
			projectRoot = "";
			targets = (
				AAAA0006AAAA0006AAAA0006 /* ManageBacWatch */,
				BBBB0007BBBB0007BBBB0007 /* ManageBacWatchWidgets */,
			);
		};
/* End PBXProject section */

/* Begin PBXResourcesBuildPhase section */
		AAAA0009AAAA0009AAAA0009 /* Resources */ = {
			isa = PBXResourcesBuildPhase;
			buildActionMask = 2147483647;
			files = (
			);
			runOnlyForDeploymentPostprocessing = 0;
		};
		BBBB0006BBBB0006BBBB0006 /* Resources */ = {
			isa = PBXResourcesBuildPhase;
			buildActionMask = 2147483647;
			files = (
			);
			runOnlyForDeploymentPostprocessing = 0;
		};
/* End PBXResourcesBuildPhase section */

/* Begin PBXSourcesBuildPhase section */
		AAAA0008AAAA0008AAAA0008 /* Sources */ = {
			isa = PBXSourcesBuildPhase;
			buildActionMask = 2147483647;
			files = (
			);
			runOnlyForDeploymentPostprocessing = 0;
		};
		BBBB0005BBBB0005BBBB0005 /* Sources */ = {
			isa = PBXSourcesBuildPhase;
			buildActionMask = 2147483647;
			files = (
			);
			runOnlyForDeploymentPostprocessing = 0;
		};
/* End PBXSourcesBuildPhase section */

/* Begin PBXTargetDependency section */
		BBBB0012BBBB0012BBBB0012 /* PBXTargetDependency */ = {
			isa = PBXTargetDependency;
			target = BBBB0007BBBB0007BBBB0007 /* ManageBacWatchWidgets */;
			targetProxy = BBBB0011BBBB0011BBBB0011 /* PBXContainerItemProxy */;
		};
/* End PBXTargetDependency section */

/* Begin XCBuildConfiguration section */
		AAAA0012AAAA0012AAAA0012 /* Debug */ = {
			isa = XCBuildConfiguration;
			buildSettings = {
				ALWAYS_SEARCH_USER_PATHS = NO;
				CLANG_ANALYZER_NONNULL = YES;
				CLANG_ENABLE_MODULES = YES;
				CLANG_ENABLE_OBJC_ARC = YES;
				COPY_PHASE_STRIP = NO;
				DEBUG_INFORMATION_FORMAT = dwarf;
				ENABLE_STRICT_OBJC_MSGSEND = YES;
				ENABLE_TESTABILITY = YES;
				GCC_C_LANGUAGE_STANDARD = gnu17;
				GCC_DYNAMIC_NO_PIC = NO;
				GCC_NO_COMMON_BLOCKS = YES;
				GCC_OPTIMIZATION_LEVEL = 0;
				GCC_PREPROCESSOR_DEFINITIONS = (
					"DEBUG=1",
					"$(inherited)",
				);
				MTL_ENABLE_DEBUG_INFO = INCLUDE_SOURCE;
				MTL_FAST_MATH = YES;
				ONLY_ACTIVE_ARCH = YES;
				SDKROOT = watchos;
				SWIFT_ACTIVE_COMPILATION_CONDITIONS = "DEBUG $(inherited)";
				SWIFT_OPTIMIZATION_LEVEL = "-Onone";
				SWIFT_VERSION = 5.0;
				WATCHOS_DEPLOYMENT_TARGET = 26.0;
			};
			name = Debug;
		};
		AAAA0013AAAA0013AAAA0013 /* Release */ = {
			isa = XCBuildConfiguration;
			buildSettings = {
				ALWAYS_SEARCH_USER_PATHS = NO;
				CLANG_ANALYZER_NONNULL = YES;
				CLANG_ENABLE_MODULES = YES;
				CLANG_ENABLE_OBJC_ARC = YES;
				COPY_PHASE_STRIP = NO;
				DEBUG_INFORMATION_FORMAT = "dwarf-with-dsym";
				ENABLE_NS_ASSERTIONS = NO;
				ENABLE_STRICT_OBJC_MSGSEND = YES;
				GCC_C_LANGUAGE_STANDARD = gnu17;
				GCC_NO_COMMON_BLOCKS = YES;
				MTL_ENABLE_DEBUG_INFO = NO;
				MTL_FAST_MATH = YES;
				SDKROOT = watchos;
				SWIFT_COMPILATION_MODE = wholemodule;
				SWIFT_OPTIMIZATION_LEVEL = "-O";
				SWIFT_VERSION = 5.0;
				VALIDATE_PRODUCT = YES;
				WATCHOS_DEPLOYMENT_TARGET = 26.0;
			};
			name = Release;
		};
		AAAA0014AAAA0014AAAA0014 /* Debug */ = {
			isa = XCBuildConfiguration;
			buildSettings = {
				ASSETCATALOG_COMPILER_APPICON_NAME = AppIcon;
				ASSETCATALOG_COMPILER_GLOBAL_ACCENT_COLOR_NAME = AccentColor;
				CODE_SIGN_STYLE = Automatic;
				CURRENT_PROJECT_VERSION = 1;
				ENABLE_PREVIEWS = YES;
				GENERATE_INFOPLIST_FILE = NO;
				INFOPLIST_FILE = ManageBacWatch/Info.plist;
				LD_RUNPATH_SEARCH_PATHS = (
					"$(inherited)",
					"@executable_path/Frameworks",
				);
				MARKETING_VERSION = 1.0;
				PRODUCT_BUNDLE_IDENTIFIER = cn.oscar.ManageBacWatch;
				PRODUCT_NAME = "$(TARGET_NAME)";
				SWIFT_EMIT_LOC_STRINGS = YES;
				TARGETED_DEVICE_FAMILY = 4;
			};
			name = Debug;
		};
		AAAA0015AAAA0015AAAA0015 /* Release */ = {
			isa = XCBuildConfiguration;
			buildSettings = {
				ASSETCATALOG_COMPILER_APPICON_NAME = AppIcon;
				ASSETCATALOG_COMPILER_GLOBAL_ACCENT_COLOR_NAME = AccentColor;
				CODE_SIGN_STYLE = Automatic;
				CURRENT_PROJECT_VERSION = 1;
				ENABLE_PREVIEWS = YES;
				GENERATE_INFOPLIST_FILE = NO;
				INFOPLIST_FILE = ManageBacWatch/Info.plist;
				LD_RUNPATH_SEARCH_PATHS = (
					"$(inherited)",
					"@executable_path/Frameworks",
				);
				MARKETING_VERSION = 1.0;
				PRODUCT_BUNDLE_IDENTIFIER = cn.oscar.ManageBacWatch;
				PRODUCT_NAME = "$(TARGET_NAME)";
				SWIFT_EMIT_LOC_STRINGS = YES;
				TARGETED_DEVICE_FAMILY = 4;
			};
			name = Release;
		};
		BBBB0009BBBB0009BBBB0009 /* Debug */ = {
			isa = XCBuildConfiguration;
			buildSettings = {
				APPLICATION_EXTENSION_API_ONLY = YES;
				ASSETCATALOG_COMPILER_GLOBAL_ACCENT_COLOR_NAME = AccentColor;
				ASSETCATALOG_COMPILER_WIDGET_BACKGROUND_COLOR_NAME = WidgetBackground;
				CODE_SIGN_STYLE = Automatic;
				CURRENT_PROJECT_VERSION = 1;
				ENABLE_PREVIEWS = YES;
				GENERATE_INFOPLIST_FILE = NO;
				INFOPLIST_FILE = ManageBacWatchWidgets/Info.plist;
				LD_RUNPATH_SEARCH_PATHS = (
					"$(inherited)",
					"@executable_path/Frameworks",
					"@executable_path/../../Frameworks",
				);
				MARKETING_VERSION = 1.0;
				PRODUCT_BUNDLE_IDENTIFIER = cn.oscar.ManageBacWatch.widgets;
				PRODUCT_NAME = "$(TARGET_NAME)";
				SKIP_INSTALL = YES;
				SWIFT_EMIT_LOC_STRINGS = YES;
				TARGETED_DEVICE_FAMILY = 4;
			};
			name = Debug;
		};
		BBBB0010BBBB0010BBBB0010 /* Release */ = {
			isa = XCBuildConfiguration;
			buildSettings = {
				APPLICATION_EXTENSION_API_ONLY = YES;
				ASSETCATALOG_COMPILER_GLOBAL_ACCENT_COLOR_NAME = AccentColor;
				ASSETCATALOG_COMPILER_WIDGET_BACKGROUND_COLOR_NAME = WidgetBackground;
				CODE_SIGN_STYLE = Automatic;
				CURRENT_PROJECT_VERSION = 1;
				ENABLE_PREVIEWS = YES;
				GENERATE_INFOPLIST_FILE = NO;
				INFOPLIST_FILE = ManageBacWatchWidgets/Info.plist;
				LD_RUNPATH_SEARCH_PATHS = (
					"$(inherited)",
					"@executable_path/Frameworks",
					"@executable_path/../../Frameworks",
				);
				MARKETING_VERSION = 1.0;
				PRODUCT_BUNDLE_IDENTIFIER = cn.oscar.ManageBacWatch.widgets;
				PRODUCT_NAME = "$(TARGET_NAME)";
				SKIP_INSTALL = YES;
				SWIFT_EMIT_LOC_STRINGS = YES;
				TARGETED_DEVICE_FAMILY = 4;
			};
			name = Release;
		};
/* End XCBuildConfiguration section */

/* Begin XCConfigurationList section */
		AAAA0007AAAA0007AAAA0007 /* Build configuration list for PBXNativeTarget "ManageBacWatch" */ = {
			isa = XCConfigurationList;
			buildConfigurations = (
				AAAA0014AAAA0014AAAA0014 /* Debug */,
				AAAA0015AAAA0015AAAA0015 /* Release */,
			);
			defaultConfigurationIsVisible = 0;
			defaultConfigurationName = Release;
		};
		AAAA0011AAAA0011AAAA0011 /* Build configuration list for PBXProject "ManageBacWatch" */ = {
			isa = XCConfigurationList;
			buildConfigurations = (
				AAAA0012AAAA0012AAAA0012 /* Debug */,
				AAAA0013AAAA0013AAAA0013 /* Release */,
			);
			defaultConfigurationIsVisible = 0;
			defaultConfigurationName = Release;
		};
		BBBB0008BBBB0008BBBB0008 /* Build configuration list for PBXNativeTarget "ManageBacWatchWidgets" */ = {
			isa = XCConfigurationList;
			buildConfigurations = (
				BBBB0009BBBB0009BBBB0009 /* Debug */,
				BBBB0010BBBB0010BBBB0010 /* Release */,
			);
			defaultConfigurationIsVisible = 0;
			defaultConfigurationName = Release;
		};
/* End XCConfigurationList section */
	};
	rootObject = AAAA0010AAAA0010AAAA0010 /* Project object */;
}
